
Microsoft Visual Studio Solution File, Format Version 12.00
# Visual Studio 15
VisualStudioVersion = 15.0.27130.2020
MinimumVisualStudioVersion = 10.0.40219.1
Project("{9A19103F-16F7-4668-BE54-9A1E7A4F7556}") = "SpyStore", "SpyStore\SpyStore.csproj", "{DBF3DEFD-B6F9-415B-93B9-9725EC843A98}"
EndProject
Project("{9A19103F-16F7-4668-BE54-9A1E7A4F7556}") = "Api", "Api\Api.csproj", "{7894B63A-290D-4F75-8579-5144F139F82F}"
	ProjectSection(ProjectDependencies) = postProject
		{8D15135F-9388-4BD8-8289-A15733C4208E} = {8D15135F-9388-4BD8-8289-A15733C4208E}
		{915A1C65-9AAC-4EC9-B66E-735937565876} = {915A1C65-9AAC-4EC9-B66E-735937565876}
		{B339327D-DB36-42F8-9815-C15F0E524252} = {B339327D-DB36-42F8-9815-C15F0E524252}
	EndProjectSection
EndProject
Project("{9A19103F-16F7-4668-BE54-9A1E7A4F7556}") = "Core", "Core\Core.csproj", "{915A1C65-9AAC-4EC9-B66E-735937565876}"
EndProject
Project("{9A19103F-16F7-4668-BE54-9A1E7A4F7556}") = "Domain", "Domain\Domain.csproj", "{B339327D-DB36-42F8-9815-C15F0E524252}"
	ProjectSection(ProjectDependencies) = postProject
		{915A1C65-9AAC-4EC9-B66E-735937565876} = {915A1C65-9AAC-4EC9-B66E-735937565876}
	EndProjectSection
EndProject
Project("{9A19103F-16F7-4668-BE54-9A1E7A4F7556}") = "Services", "Services\Services.csproj", "{8D15135F-9388-4BD8-8289-A15733C4208E}"
EndProject
Project("{9A19103F-16F7-4668-BE54-9A1E7A4F7556}") = "Repository", "Repository\Repository.csproj", "{2FB1C239-195E-4D5F-A597-0FB68559259B}"
	ProjectSection(ProjectDependencies) = postProject
		{915A1C65-9AAC-4EC9-B66E-735937565876} = {915A1C65-9AAC-4EC9-B66E-735937565876}
		{B339327D-DB36-42F8-9815-C15F0E524252} = {B339327D-DB36-42F8-9815-C15F0E524252}
	EndProjectSection
EndProject
Global
	GlobalSection(SolutionConfigurationPlatforms) = preSolution
		Debug|Any CPU = Debug|Any CPU
		Release|Any CPU = Release|Any CPU
	EndGlobalSection
	GlobalSection(ProjectConfigurationPlatforms) = postSolution
		{DBF3DEFD-B6F9-415B-93B9-9725EC843A98}.Debug|Any CPU.ActiveCfg = Debug|Any CPU
		{DBF3DEFD-B6F9-415B-93B9-9725EC843A98}.Debug|Any CPU.Build.0 = Debug|Any CPU
		{DBF3DEFD-B6F9-415B-93B9-9725EC843A98}.Release|Any CPU.ActiveCfg = Release|Any CPU
		{DBF3DEFD-B6F9-415B-93B9-9725EC843A98}.Release|Any CPU.Build.0 = Release|Any CPU
		{7894B63A-290D-4F75-8579-5144F139F82F}.Debug|Any CPU.ActiveCfg = Debug|Any CPU
		{7894B63A-290D-4F75-8579-5144F139F82F}.Debug|Any CPU.Build.0 = Debug|Any CPU
		{7894B63A-290D-4F75-8579-5144F139F82F}.Release|Any CPU.ActiveCfg = Release|Any CPU
		{7894B63A-290D-4F75-8579-5144F139F82F}.Release|Any CPU.Build.0 = Release|Any CPU
		{915A1C65-9AAC-4EC9-B66E-735937565876}.Debug|Any CPU.ActiveCfg = Debug|Any CPU
		{915A1C65-9AAC-4EC9-B66E-735937565876}.Debug|Any CPU.Build.0 = Debug|Any CPU
		{915A1C65-9AAC-4EC9-B66E-735937565876}.Release|Any CPU.ActiveCfg = Release|Any CPU
		{915A1C65-9AAC-4EC9-B66E-735937565876}.Release|Any CPU.Build.0 = Release|Any CPU
		{B339327D-DB36-42F8-9815-C15F0E524252}.Debug|Any CPU.ActiveCfg = Debug|Any CPU
		{B339327D-DB36-42F8-9815-C15F0E524252}.Debug|Any CPU.Build.0 = Debug|Any CPU
		{B339327D-DB36-42F8-9815-C15F0E524252}.Release|Any CPU.ActiveCfg = Release|Any CPU
		{B339327D-DB36-42F8-9815-C15F0E524252}.Release|Any CPU.Build.0 = Release|Any CPU
		{8D15135F-9388-4BD8-8289-A15733C4208E}.Debug|Any CPU.ActiveCfg = Debug|Any CPU
		{8D15135F-9388-4BD8-8289-A15733C4208E}.Debug|Any CPU.Build.0 = Debug|Any CPU
		{8D15135F-9388-4BD8-8289-A15733C4208E}.Release|Any CPU.ActiveCfg = Release|Any CPU
		{8D15135F-9388-4BD8-8289-A15733C4208E}.Release|Any CPU.Build.0 = Release|Any CPU
		{2FB1C239-195E-4D5F-A597-0FB68559259B}.Debug|Any CPU.ActiveCfg = Debug|Any CPU
		{2FB1C239-195E-4D5F-A597-0FB68559259B}.Debug|Any CPU.Build.0 = Debug|Any CPU
		{2FB1C239-195E-4D5F-A597-0FB68559259B}.Release|Any CPU.ActiveCfg = Release|Any CPU
		{2FB1C239-195E-4D5F-A597-0FB68559259B}.Release|Any CPU.Build.0 = Release|Any CPU
	EndGlobalSection
	GlobalSection(SolutionProperties) = preSolution
		HideSolutionNode = FALSE
	EndGlobalSection
	GlobalSection(ExtensibilityGlobals) = postSolution
		SolutionGuid = {E13EC4A9-C4A3-4671-A39B-30FF5F4C16D1}
	EndGlobalSection
EndGlobal
